// !$*UTF8*$!
{
	archiveVersion = 1;
	classes = {
	};
	objectVersion = 56;
	objects = {

/* Begin PBXBuildFile section */
		964EB54929AE104600E22496 /* W7D2.swift in Sources */ = {isa = PBXBuildFile; fileRef = 964EB54829AE104600E22496 /* W7D2.swift */; };
		964EB54B29AE14B900E22496 /* Product.swift in Sources */ = {isa = PBXBuildFile; fileRef = 964EB54A29AE14B900E22496 /* Product.swift */; };
		964EB54E29AE14E700E22496 /* User.swift in Sources */ = {isa = PBXBuildFile; fileRef = 964EB54D29AE14E600E22496 /* User.swift */; };
		964EB55029AE14F200E22496 /* Store.swift in Sources */ = {isa = PBXBuildFile; fileRef = 964EB54F29AE14F200E22496 /* Store.swift */; };
		964EB55229AE1AA900E22496 /* Explorer.swift in Sources */ = {isa = PBXBuildFile; fileRef = 964EB55129AE1AA900E22496 /* Explorer.swift */; };
		967DAD5E29A4A0280066EE33 /* ItemRow.swift in Sources */ = {isa = PBXBuildFile; fileRef = 967DAD5D29A4A0280066EE33 /* ItemRow.swift */; };
		967DAD6029A4A0AA0066EE33 /* W6D1.swift in Sources */ = {isa = PBXBuildFile; fileRef = 967DAD5F29A4A0AA0066EE33 /* W6D1.swift */; };
		96A7BF4429B207FC006D3552 /* MainView.swift in Sources */ = {isa = PBXBuildFile; fileRef = 96A7BF4329B207FC006D3552 /* MainView.swift */; };
		96A7BF4629B2083F006D3552 /* ProfileView.swift in Sources */ = {isa = PBXBuildFile; fileRef = 96A7BF4529B2083F006D3552 /* ProfileView.swift */; };
		96A7BF4829B20849006D3552 /* FavoriteView.swift in Sources */ = {isa = PBXBuildFile; fileRef = 96A7BF4729B20849006D3552 /* FavoriteView.swift */; };
		96CDC664299BAADE00303F0C /* W5D2.swift in Sources */ = {isa = PBXBuildFile; fileRef = 96CDC663299BAADE00303F0C /* W5D2.swift */; };
		96FA75F0298D255100573410 /* AirCnCApp.swift in Sources */ = {isa = PBXBuildFile; fileRef = 96FA75EF298D255100573410 /* AirCnCApp.swift */; };
		96FA75F2298D255100573410 /* ContentView.swift in Sources */ = {isa = PBXBuildFile; fileRef = 96FA75F1298D255100573410 /* ContentView.swift */; };
		96FA75F4298D255300573410 /* Assets.xcassets in Resources */ = {isa = PBXBuildFile; fileRef = 96FA75F3298D255300573410 /* Assets.xcassets */; };
		96FA75F7298D255300573410 /* Preview Assets.xcassets in Resources */ = {isa = PBXBuildFile; fileRef = 96FA75F6298D255300573410 /* Preview Assets.xcassets */; };
/* End PBXBuildFile section */

/* Begin PBXFileReference section */
		964EB54829AE104600E22496 /* W7D2.swift */ = {isa = PBXFileReference; lastKnownFileType = sourcecode.swift; path = W7D2.swift; sourceTree = "<group>"; };
		964EB54A29AE14B900E22496 /* Product.swift */ = {isa = PBXFileReference; lastKnownFileType = sourcecode.swift; path = Product.swift; sourceTree = "<group>"; };
		964EB54D29AE14E600E22496 /* User.swift */ = {isa = PBXFileReference; lastKnownFileType = sourcecode.swift; path = User.swift; sourceTree = "<group>"; };
		964EB54F29AE14F200E22496 /* Store.swift */ = {isa = PBXFileReference; lastKnownFileType = sourcecode.swift; path = Store.swift; sourceTree = "<group>"; };
		964EB55129AE1AA900E22496 /* Explorer.swift */ = {isa = PBXFileReference; lastKnownFileType = sourcecode.swift; path = Explorer.swift; sourceTree = "<group>"; };
		967DAD5D29A4A0280066EE33 /* ItemRow.swift */ = {isa = PBXFileReference; lastKnownFileType = sourcecode.swift; path = ItemRow.swift; sourceTree = "<group>"; };
		967DAD5F29A4A0AA0066EE33 /* W6D1.swift */ = {isa = PBXFileReference; lastKnownFileType = sourcecode.swift; path = W6D1.swift; sourceTree = "<group>"; };
		96A7BF4329B207FC006D3552 /* MainView.swift */ = {isa = PBXFileReference; lastKnownFileType = sourcecode.swift; path = MainView.swift; sourceTree = "<group>"; };
		96A7BF4529B2083F006D3552 /* ProfileView.swift */ = {isa = PBXFileReference; lastKnownFileType = sourcecode.swift; path = ProfileView.swift; sourceTree = "<group>"; };
		96A7BF4729B20849006D3552 /* FavoriteView.swift */ = {isa = PBXFileReference; lastKnownFileType = sourcecode.swift; path = FavoriteView.swift; sourceTree = "<group>"; };
		96CDC663299BAADE00303F0C /* W5D2.swift */ = {isa = PBXFileReference; lastKnownFileType = sourcecode.swift; path = W5D2.swift; sourceTree = "<group>"; };
		96D333D129AE32A900B159F5 /* MyPlayground.playground */ = {isa = PBXFileReference; lastKnownFileType = file.playground; path = MyPlayground.playground; sourceTree = "<group>"; xcLanguageSpecificationIdentifier = xcode.lang.swift; };
		96FA75EC298D255100573410 /* AirCnC.app */ = {isa = PBXFileReference; explicitFileType = wrapper.application; includeInIndex = 0; path = AirCnC.app; sourceTree = BUILT_PRODUCTS_DIR; };
		96FA75EF298D255100573410 /* AirCnCApp.swift */ = {isa = PBXFileReference; lastKnownFileType = sourcecode.swift; path = AirCnCApp.swift; sourceTree = "<group>"; };
		96FA75F1298D255100573410 /* ContentView.swift */ = {isa = PBXFileReference; lastKnownFileType = sourcecode.swift; path = ContentView.swift; sourceTree = "<group>"; };
		96FA75F3298D255300573410 /* Assets.xcassets */ = {isa = PBXFileReference; lastKnownFileType = folder.assetcatalog; path = Assets.xcassets; sourceTree = "<group>"; };
		96FA75F6298D255300573410 /* Preview Assets.xcassets */ = {isa = PBXFileReference; lastKnownFileType = folder.assetcatalog; path = "Preview Assets.xcassets"; sourceTree = "<group>"; };
/* End PBXFileReference section */

/* Begin PBXFrameworksBuildPhase section */
		96FA75E9298D255100573410 /* Frameworks */ = {
			isa = PBXFrameworksBuildPhase;
			buildActionMask = 2147483647;
			files = (
			);
			runOnlyForDeploymentPostprocessing = 0;
		};
/* End PBXFrameworksBuildPhase section */

/* Begin PBXGroup section */
		964EB54C29AE14C900E22496 /* Practice */ = {
			isa = PBXGroup;
			children = (
				96D333D129AE32A900B159F5 /* MyPlayground.playground */,
				96CDC663299BAADE00303F0C /* W5D2.swift */,
				967DAD5F29A4A0AA0066EE33 /* W6D1.swift */,
				964EB54829AE104600E22496 /* W7D2.swift */,
			);
			path = Practice;
			sourceTree = "<group>";
		};
		964EB55329AE1B0000E22496 /* Model */ = {
			isa = PBXGroup;
			children = (
				964EB54A29AE14B900E22496 /* Product.swift */,
				964EB54D29AE14E600E22496 /* User.swift */,
				964EB54F29AE14F200E22496 /* Store.swift */,
			);
			path = Model;
			sourceTree = "<group>";
		};
		96FA75E3298D255100573410 = {
			isa = PBXGroup;
			children = (
				96FA75EE298D255100573410 /* AirCnC */,
				96FA75ED298D255100573410 /* Products */,
			);
			sourceTree = "<group>";
		};
		96FA75ED298D255100573410 /* Products */ = {
			isa = PBXGroup;
			children = (
				96FA75EC298D255100573410 /* AirCnC.app */,
			);
			name = Products;
			sourceTree = "<group>";
		};
		96FA75EE298D255100573410 /* AirCnC */ = {
			isa = PBXGroup;
			children = (
				96FA75EF298D255100573410 /* AirCnCApp.swift */,
				964EB55129AE1AA900E22496 /* Explorer.swift */,
				967DAD5D29A4A0280066EE33 /* ItemRow.swift */,
				96FA75F1298D255100573410 /* ContentView.swift */,
				964EB55329AE1B0000E22496 /* Model */,
				96FA75F3298D255300573410 /* Assets.xcassets */,
				964EB54C29AE14C900E22496 /* Practice */,
				96FA75F5298D255300573410 /* Preview Content */,
				96A7BF4329B207FC006D3552 /* MainView.swift */,
				96A7BF4729B20849006D3552 /* FavoriteView.swift */,
				96A7BF4529B2083F006D3552 /* ProfileView.swift */,
			);
			path = AirCnC;
			sourceTree = "<group>";
		};
		96FA75F5298D255300573410 /* Preview Content */ = {
			isa = PBXGroup;
			children = (
				96FA75F6298D255300573410 /* Preview Assets.xcassets */,
			);
			path = "Preview Content";
			sourceTree = "<group>";
		};
/* End PBXGroup section */

/* Begin PBXNativeTarget section */
		96FA75EB298D255100573410 /* AirCnC */ = {
			isa = PBXNativeTarget;
			buildConfigurationList = 96FA75FA298D255300573410 /* Build configuration list for PBXNativeTarget "AirCnC" */;
			buildPhases = (
				96FA75E8298D255100573410 /* Sources */,
				96FA75E9298D255100573410 /* Frameworks */,
				96FA75EA298D255100573410 /* Resources */,
			);
			buildRules = (
			);
			dependencies = (
			);
			name = AirCnC;
			productName = AirCnC;
			productReference = 96FA75EC298D255100573410 /* AirCnC.app */;
			productType = "com.apple.product-type.application";
		};
/* End PBXNativeTarget section */

/* Begin PBXProject section */
		96FA75E4298D255100573410 /* Project object */ = {
			isa = PBXProject;
			attributes = {
				BuildIndependentTargetsInParallel = 1;
				LastSwiftUpdateCheck = 1420;
				LastUpgradeCheck = 1420;
				TargetAttributes = {
					96FA75EB298D255100573410 = {
						CreatedOnToolsVersion = 14.2;
					};
				};
			};
			buildConfigurationList = 96FA75E7298D255100573410 /* Build configuration list for PBXProject "AirCnC" */;
			compatibilityVersion = "Xcode 14.0";
			developmentRegion = en;
			hasScannedForEncodings = 0;
			knownRegions = (
				en,
				Base,
			);
			mainGroup = 96FA75E3298D255100573410;
			productRefGroup = 96FA75ED298D255100573410 /* Products */;
			projectDirPath = "";
			projectRoot = "";
			targets = (
				96FA75EB298D255100573410 /* AirCnC */,
			);
		};
/* End PBXProject section */

/* Begin PBXResourcesBuildPhase section */
		96FA75EA298D255100573410 /* Resources */ = {
			isa = PBXResourcesBuildPhase;
			buildActionMask = 2147483647;
			files = (
				96FA75F7298D255300573410 /* Preview Assets.xcassets in Resources */,
				96FA75F4298D255300573410 /* Assets.xcassets in Resources */,
			);
			runOnlyForDeploymentPostprocessing = 0;
		};
/* End PBXResourcesBuildPhase section */

/* Begin PBXSourcesBuildPhase section */
		96FA75E8298D255100573410 /* Sources */ = {
			isa = PBXSourcesBuildPhase;
			buildActionMask = 2147483647;
			files = (
				96CDC664299BAADE00303F0C /* W5D2.swift in Sources */,
				964EB54929AE104600E22496 /* W7D2.swift in Sources */,
				96FA75F2298D255100573410 /* ContentView.swift in Sources */,
				964EB55029AE14F200E22496 /* Store.swift in Sources */,
				96A7BF4629B2083F006D3552 /* ProfileView.swift in Sources */,
				964EB54B29AE14B900E22496 /* Product.swift in Sources */,
				964EB54E29AE14E700E22496 /* User.swift in Sources */,
				96FA75F0298D255100573410 /* AirCnCApp.swift in Sources */,
				96A7BF4829B20849006D3552 /* FavoriteView.swift in Sources */,
				96A7BF4429B207FC006D3552 /* MainView.swift in Sources */,
				964EB55229AE1AA900E22496 /* Explorer.swift in Sources */,
				967DAD6029A4A0AA0066EE33 /* W6D1.swift in Sources */,
				967DAD5E29A4A0280066EE33 /* ItemRow.swift in Sources */,
			);
			runOnlyForDeploymentPostprocessing = 0;
		};
/* End PBXSourcesBuildPhase section */

/* Begin XCBuildConfiguration section */
		96FA75F8298D255300573410 /* Debug */ = {
			isa = XCBuildConfiguration;
			buildSettings = {
				ALWAYS_SEARCH_USER_PATHS = NO;
				CLANG_ANALYZER_NONNULL = YES;
				CLANG_ANALYZER_NUMBER_OBJECT_CONVERSION = YES_AGGRESSIVE;
				CLANG_CXX_LANGUAGE_STANDARD = "gnu++20";
				CLANG_ENABLE_MODULES = YES;
				CLANG_ENABLE_OBJC_ARC = YES;
				CLANG_ENABLE_OBJC_WEAK = YES;
				CLANG_WARN_BLOCK_CAPTURE_AUTORELEASING = YES;
				CLANG_WARN_BOOL_CONVERSION = YES;
				CLANG_WARN_COMMA = YES;
				CLANG_WARN_CONSTANT_CONVERSION = YES;
				CLANG_WARN_DEPRECATED_OBJC_IMPLEMENTATIONS = YES;
				CLANG_WARN_DIRECT_OBJC_ISA_USAGE = YES_ERROR;
				CLANG_WARN_DOCUMENTATION_COMMENTS = YES;
				CLANG_WARN_EMPTY_BODY = YES;
				CLANG_WARN_ENUM_CONVERSION = YES;
				CLANG_WARN_INFINITE_RECURSION = YES;
				CLANG_WARN_INT_CONVERSION = YES;
				CLANG_WARN_NON_LITERAL_NULL_CONVERSION = YES;
				CLANG_WARN_OBJC_IMPLICIT_RETAIN_SELF = YES;
				CLANG_WARN_OBJC_LITERAL_CONVERSION = YES;
				CLANG_WARN_OBJC_ROOT_CLASS = YES_ERROR;
				CLANG_WARN_QUOTED_INCLUDE_IN_FRAMEWORK_HEADER = YES;
				CLANG_WARN_RANGE_LOOP_ANALYSIS = YES;
				CLANG_WARN_STRICT_PROTOTYPES = YES;
				CLANG_WARN_SUSPICIOUS_MOVE = YES;
				CLANG_WARN_UNGUARDED_AVAILABILITY = YES_AGGRESSIVE;
				CLANG_WARN_UNREACHABLE_CODE = YES;
				CLANG_WARN__DUPLICATE_METHOD_MATCH = YES;
				COPY_PHASE_STRIP = NO;
				DEBUG_INFORMATION_FORMAT = dwarf;
				ENABLE_STRICT_OBJC_MSGSEND = YES;
				ENABLE_TESTABILITY = YES;
				GCC_C_LANGUAGE_STANDARD = gnu11;
				GCC_DYNAMIC_NO_PIC = NO;
				GCC_NO_COMMON_BLOCKS = YES;
				GCC_OPTIMIZATION_LEVEL = 0;
				GCC_PREPROCESSOR_DEFINITIONS = (
					"DEBUG=1",
					"$(inherited)",
				);
				GCC_WARN_64_TO_32_BIT_CONVERSION = YES;
				GCC_WARN_ABOUT_RETURN_TYPE = YES_ERROR;
				GCC_WARN_UNDECLARED_SELECTOR = YES;
				GCC_WARN_UNINITIALIZED_AUTOS = YES_AGGRESSIVE;
				GCC_WARN_UNUSED_FUNCTION = YES;
				GCC_WARN_UNUSED_VARIABLE = YES;
				IPHONEOS_DEPLOYMENT_TARGET = 16.2;
				MTL_ENABLE_DEBUG_INFO = INCLUDE_SOURCE;
				MTL_FAST_MATH = YES;
				ONLY_ACTIVE_ARCH = YES;
				SDKROOT = iphoneos;
				SWIFT_ACTIVE_COMPILATION_CONDITIONS = DEBUG;
				SWIFT_OPTIMIZATION_LEVEL = "-Onone";
			};
			name = Debug;
		};
		96FA75F9298D255300573410 /* Release */ = {
			isa = XCBuildConfiguration;
			buildSettings = {
				ALWAYS_SEARCH_USER_PATHS = NO;
				CLANG_ANALYZER_NONNULL = YES;
				CLANG_ANALYZER_NUMBER_OBJECT_CONVERSION = YES_AGGRESSIVE;
				CLANG_CXX_LANGUAGE_STANDARD = "gnu++20";
				CLANG_ENABLE_MODULES = YES;
				CLANG_ENABLE_OBJC_ARC = YES;
				CLANG_ENABLE_OBJC_WEAK = YES;
				CLANG_WARN_BLOCK_CAPTURE_AUTORELEASING = YES;
				CLANG_WARN_BOOL_CONVERSION = YES;
				CLANG_WARN_COMMA = YES;
				CLANG_WARN_CONSTANT_CONVERSION = YES;
				CLANG_WARN_DEPRECATED_OBJC_IMPLEMENTATIONS = YES;
				CLANG_WARN_DIRECT_OBJC_ISA_USAGE = YES_ERROR;
				CLANG_WARN_DOCUMENTATION_COMMENTS = YES;
				CLANG_WARN_EMPTY_BODY = YES;
				CLANG_WARN_ENUM_CONVERSION = YES;
				CLANG_WARN_INFINITE_RECURSION = YES;
				CLANG_WARN_INT_CONVERSION = YES;
				CLANG_WARN_NON_LITERAL_NULL_CONVERSION = YES;
				CLANG_WARN_OBJC_IMPLICIT_RETAIN_SELF = YES;
				CLANG_WARN_OBJC_LITERAL_CONVERSION = YES;
				CLANG_WARN_OBJC_ROOT_CLASS = YES_ERROR;
				CLANG_WARN_QUOTED_INCLUDE_IN_FRAMEWORK_HEADER = YES;
				CLANG_WARN_RANGE_LOOP_ANALYSIS = YES;
				CLANG_WARN_STRICT_PROTOTYPES = YES;
				CLANG_WARN_SUSPICIOUS_MOVE = YES;
				CLANG_WARN_UNGUARDED_AVAILABILITY = YES_AGGRESSIVE;
				CLANG_WARN_UNREACHABLE_CODE = YES;
				CLANG_WARN__DUPLICATE_METHOD_MATCH = YES;
				COPY_PHASE_STRIP = NO;
				DEBUG_INFORMATION_FORMAT = "dwarf-with-dsym";
				ENABLE_NS_ASSERTIONS = NO;
				ENABLE_STRICT_OBJC_MSGSEND = YES;
				GCC_C_LANGUAGE_STANDARD = gnu11;
				GCC_NO_COMMON_BLOCKS = YES;
				GCC_WARN_64_TO_32_BIT_CONVERSION = YES;
				GCC_WARN_ABOUT_RETURN_TYPE = YES_ERROR;
				GCC_WARN_UNDECLARED_SELECTOR = YES;
				GCC_WARN_UNINITIALIZED_AUTOS = YES_AGGRESSIVE;
				GCC_WARN_UNUSED_FUNCTION = YES;
				GCC_WARN_UNUSED_VARIABLE = YES;
				IPHONEOS_DEPLOYMENT_TARGET = 16.2;
				MTL_ENABLE_DEBUG_INFO = NO;
				MTL_FAST_MATH = YES;
				SDKROOT = iphoneos;
				SWIFT_COMPILATION_MODE = wholemodule;
				SWIFT_OPTIMIZATION_LEVEL = "-O";
				VALIDATE_PRODUCT = YES;
			};
			name = Release;
		};
		96FA75FB298D255300573410 /* Debug */ = {
			isa = XCBuildConfiguration;
			buildSettings = {
				ASSETCATALOG_COMPILER_APPICON_NAME = AppIcon;
				ASSETCATALOG_COMPILER_GLOBAL_ACCENT_COLOR_NAME = AccentColor;
				CODE_SIGN_STYLE = Automatic;
				CURRENT_PROJECT_VERSION = 1;
				DEVELOPMENT_ASSET_PATHS = "\"AirCnC/Preview Content\"";
				DEVELOPMENT_TEAM = KRT7LJ7RSM;
				ENABLE_PREVIEWS = YES;
				GENERATE_INFOPLIST_FILE = YES;
				INFOPLIST_KEY_UIApplicationSceneManifest_Generation = YES;
				INFOPLIST_KEY_UIApplicationSupportsIndirectInputEvents = YES;
				INFOPLIST_KEY_UILaunchScreen_Generation = YES;
				INFOPLIST_KEY_UISupportedInterfaceOrientations_iPad = "UIInterfaceOrientationPortrait UIInterfaceOrientationPortraitUpsideDown UIInterfaceOrientationLandscapeLeft UIInterfaceOrientationLandscapeRight";
				INFOPLIST_KEY_UISupportedInterfaceOrientations_iPhone = "UIInterfaceOrientationPortrait UIInterfaceOrientationLandscapeLeft UIInterfaceOrientationLandscapeRight";
				LD_RUNPATH_SEARCH_PATHS = (
					"$(inherited)",
					"@executable_path/Frameworks",
				);
				MARKETING_VERSION = 1.0;
				PRODUCT_BUNDLE_IDENTIFIER = com.i1hwan.AirCnC;
				PRODUCT_NAME = "$(TARGET_NAME)";
				SWIFT_EMIT_LOC_STRINGS = YES;
				SWIFT_VERSION = 5.0;
				TARGETED_DEVICE_FAMILY = "1,2";
			};
			name = Debug;
		};
		96FA75FC298D255300573410 /* Release */ = {
			isa = XCBuildConfiguration;
			buildSettings = {
				ASSETCATALOG_COMPILER_APPICON_NAME = AppIcon;
				ASSETCATALOG_COMPILER_GLOBAL_ACCENT_COLOR_NAME = AccentColor;
				CODE_SIGN_STYLE = Automatic;
				CURRENT_PROJECT_VERSION = 1;
				DEVELOPMENT_ASSET_PATHS = "\"AirCnC/Preview Content\"";
				DEVELOPMENT_TEAM = KRT7LJ7RSM;
				ENABLE_PREVIEWS = YES;
				GENERATE_INFOPLIST_FILE = YES;
				INFOPLIST_KEY_UIApplicationSceneManifest_Generation = YES;
				INFOPLIST_KEY_UIApplicationSupportsIndirectInputEvents = YES;
				INFOPLIST_KEY_UILaunchScreen_Generation = YES;
				INFOPLIST_KEY_UISupportedInterfaceOrientations_iPad = "UIInterfaceOrientationPortrait UIInterfaceOrientationPortraitUpsideDown UIInterfaceOrientationLandscapeLeft UIInterfaceOrientationLandscapeRight";
				INFOPLIST_KEY_UISupportedInterfaceOrientations_iPhone = "UIInterfaceOrientationPortrait UIInterfaceOrientationLandscapeLeft UIInterfaceOrientationLandscapeRight";
				LD_RUNPATH_SEARCH_PATHS = (
					"$(inherited)",
					"@executable_path/Frameworks",
				);
				MARKETING_VERSION = 1.0;
				PRODUCT_BUNDLE_IDENTIFIER = com.i1hwan.AirCnC;
				PRODUCT_NAME = "$(TARGET_NAME)";
				SWIFT_EMIT_LOC_STRINGS = YES;
				SWIFT_VERSION = 5.0;
				TARGETED_DEVICE_FAMILY = "1,2";
			};
			name = Release;
		};
/* End XCBuildConfiguration section */

/* Begin XCConfigurationList section */
		96FA75E7298D255100573410 /* Build configuration list for PBXProject "AirCnC" */ = {
			isa = XCConfigurationList;
			buildConfigurations = (
				96FA75F8298D255300573410 /* Debug */,
				96FA75F9298D255300573410 /* Release */,
			);
			defaultConfigurationIsVisible = 0;
			defaultConfigurationName = Release;
		};
		96FA75FA298D255300573410 /* Build configuration list for PBXNativeTarget "AirCnC" */ = {
			isa = XCConfigurationList;
			buildConfigurations = (
				96FA75FB298D255300573410 /* Debug */,
				96FA75FC298D255300573410 /* Release */,
			);
			defaultConfigurationIsVisible = 0;
			defaultConfigurationName = Release;
		};
/* End XCConfigurationList section */
	};
	rootObject = 96FA75E4298D255100573410 /* Project object */;
}
